// !$*UTF8*$!
{
	archiveVersion = 1;
	classes = {
	};
	objectVersion = 46;
	objects = {

/* Begin PBXBuildFile section */
		DE48E53E1EA5C9DE008C5C84 /* AppDelegate.swift in Sources */ = {isa = PBXBuildFile; fileRef = DE48E53D1EA5C9DE008C5C84 /* AppDelegate.swift */; };
		DE48E5401EA5C9DE008C5C84 /* ViewController.swift in Sources */ = {isa = PBXBuildFile; fileRef = DE48E53F1EA5C9DE008C5C84 /* ViewController.swift */; };
		DE48E5431EA5C9DE008C5C84 /* Main.storyboard in Resources */ = {isa = PBXBuildFile; fileRef = DE48E5411EA5C9DE008C5C84 /* Main.storyboard */; };
		DE48E5451EA5C9DE008C5C84 /* Assets.xcassets in Resources */ = {isa = PBXBuildFile; fileRef = DE48E5441EA5C9DE008C5C84 /* Assets.xcassets */; };
		DE48E5481EA5C9DE008C5C84 /* LaunchScreen.storyboard in Resources */ = {isa = PBXBuildFile; fileRef = DE48E5461EA5C9DE008C5C84 /* LaunchScreen.storyboard */; };
/* End PBXBuildFile section */

/* Begin PBXFileReference section */
		DE48E53A1EA5C9DE008C5C84 /* payment.app */ = {isa = PBXFileReference; explicitFileType = wrapper.application; includeInIndex = 0; path = payment.app; sourceTree = BUILT_PRODUCTS_DIR; };
		DE48E53D1EA5C9DE008C5C84 /* AppDelegate.swift */ = {isa = PBXFileReference; lastKnownFileType = sourcecode.swift; path = AppDelegate.swift; sourceTree = "<group>"; };
		DE48E53F1EA5C9DE008C5C84 /* ViewController.swift */ = {isa = PBXFileReference; lastKnownFileType = sourcecode.swift; path = ViewController.swift; sourceTree = "<group>"; };
		DE48E5421EA5C9DE008C5C84 /* Base */ = {isa = PBXFileReference; lastKnownFileType = file.storyboard; name = Base; path = Base.lproj/Main.storyboard; sourceTree = "<group>"; };
		DE48E5441EA5C9DE008C5C84 /* Assets.xcassets */ = {isa = PBXFileReference; lastKnownFileType = folder.assetcatalog; path = Assets.xcassets; sourceTree = "<group>"; };
		DE48E5471EA5C9DE008C5C84 /* Base */ = {isa = PBXFileReference; lastKnownFileType = file.storyboard; name = Base; path = Base.lproj/LaunchScreen.storyboard; sourceTree = "<group>"; };
		DE48E5491EA5C9DE008C5C84 /* Info.plist */ = {isa = PBXFileReference; lastKnownFileType = text.plist.xml; path = Info.plist; sourceTree = "<group>"; };
/* End PBXFileReference section */

/* Begin PBXFrameworksBuildPhase section */
		DE48E5371EA5C9DE008C5C84 /* Frameworks */ = {
			isa = PBXFrameworksBuildPhase;
			buildActionMask = 2147483647;
			files = (
			);
			runOnlyForDeploymentPostprocessing = 0;
		};
/* End PBXFrameworksBuildPhase section */

/* Begin PBXGroup section */
		DE48E5311EA5C9DE008C5C84 = {
			isa = PBXGroup;
			children = (
				DE48E53C1EA5C9DE008C5C84 /* payment */,
				DE48E53B1EA5C9DE008C5C84 /* Products */,
			);
			sourceTree = "<group>";
		};
		DE48E53B1EA5C9DE008C5C84 /* Products */ = {
			isa = PBXGroup;
			children = (
				DE48E53A1EA5C9DE008C5C84 /* payment.app */,
			);
			name = Products;
			sourceTree = "<group>";
		};
		DE48E53C1EA5C9DE008C5C84 /* payment */ = {
			isa = PBXGroup;
			children = (
				DE48E53D1EA5C9DE008C5C84 /* AppDelegate.swift */,
				DE48E53F1EA5C9DE008C5C84 /* ViewController.swift */,
				DE48E5411EA5C9DE008C5C84 /* Main.storyboard */,
				DE48E5441EA5C9DE008C5C84 /* Assets.xcassets */,
				DE48E5461EA5C9DE008C5C84 /* LaunchScreen.storyboard */,
				DE48E5491EA5C9DE008C5C84 /* Info.plist */,
			);
			path = payment;
			sourceTree = "<group>";
		};
/* End PBXGroup section */

/* Begin PBXNativeTarget section */
		DE48E5391EA5C9DE008C5C84 /* payment */ = {
			isa = PBXNativeTarget;
			buildConfigurationList = DE48E54C1EA5C9DE008C5C84 /* Build configuration list for PBXNativeTarget "payment" */;
			buildPhases = (
				DE48E5361EA5C9DE008C5C84 /* Sources */,
				DE48E5371EA5C9DE008C5C84 /* Frameworks */,
				DE48E5381EA5C9DE008C5C84 /* Resources */,
			);
			buildRules = (
			);
			dependencies = (
			);
			name = payment;
			productName = payment;
			productReference = DE48E53A1EA5C9DE008C5C84 /* payment.app */;
			productType = "com.apple.product-type.application";
		};
/* End PBXNativeTarget section */

/* Begin PBXProject section */
		DE48E5321EA5C9DE008C5C84 /* Project object */ = {
			isa = PBXProject;
			attributes = {
				LastSwiftUpdateCheck = 0820;
				LastUpgradeCheck = 0820;
				ORGANIZATIONNAME = Pakgon;
				TargetAttributes = {
					DE48E5391EA5C9DE008C5C84 = {
						CreatedOnToolsVersion = 8.2.1;
						ProvisioningStyle = Automatic;
					};
				};
			};
			buildConfigurationList = DE48E5351EA5C9DE008C5C84 /* Build configuration list for PBXProject "payment" */;
			compatibilityVersion = "Xcode 3.2";
			developmentRegion = English;
			hasScannedForEncodings = 0;
			knownRegions = (
				en,
				Base,
			);
			mainGroup = DE48E5311EA5C9DE008C5C84;
			productRefGroup = DE48E53B1EA5C9DE008C5C84 /* Products */;
			projectDirPath = "";
			projectRoot = "";
			targets = (
				DE48E5391EA5C9DE008C5C84 /* payment */,
			);
		};
/* End PBXProject section */

/* Begin PBXResourcesBuildPhase section */
		DE48E5381EA5C9DE008C5C84 /* Resources */ = {
			isa = PBXResourcesBuildPhase;
			buildActionMask = 2147483647;
			files = (
				DE48E5481EA5C9DE008C5C84 /* LaunchScreen.storyboard in Resources */,
				DE48E5451EA5C9DE008C5C84 /* Assets.xcassets in Resources */,
				DE48E5431EA5C9DE008C5C84 /* Main.storyboard in Resources */,
			);
			runOnlyForDeploymentPostprocessing = 0;
		};
/* End PBXResourcesBuildPhase section */

/* Begin PBXSourcesBuildPhase section */
		DE48E5361EA5C9DE008C5C84 /* Sources */ = {
			isa = PBXSourcesBuildPhase;
			buildActionMask = 2147483647;
			files = (
				DE48E5401EA5C9DE008C5C84 /* ViewController.swift in Sources */,
				DE48E53E1EA5C9DE008C5C84 /* AppDelegate.swift in Sources */,
			);
			runOnlyForDeploymentPostprocessing = 0;
		};
/* End PBXSourcesBuildPhase section */

/* Begin PBXVariantGroup section */
		DE48E5411EA5C9DE008C5C84 /* Main.storyboard */ = {
			isa = PBXVariantGroup;
			children = (
				DE48E5421EA5C9DE008C5C84 /* Base */,
			);
			name = Main.storyboard;
			sourceTree = "<group>";
		};
		DE48E5461EA5C9DE008C5C84 /* LaunchScreen.storyboard */ = {
			isa = PBXVariantGroup;
			children = (
				DE48E5471EA5C9DE008C5C84 /* Base */,
			);
			name = LaunchScreen.storyboard;
			sourceTree = "<group>";
		};
/* End PBXVariantGroup section */

/* Begin XCBuildConfiguration section */
		DE48E54A1EA5C9DE008C5C84 /* Debug */ = {
			isa = XCBuildConfiguration;
			buildSettings = {
				ALWAYS_SEARCH_USER_PATHS = NO;
				CLANG_ANALYZER_NONNULL = YES;
				CLANG_CXX_LANGUAGE_STANDARD = "gnu++0x";
				CLANG_CXX_LIBRARY = "libc++";
				CLANG_ENABLE_MODULES = YES;
				CLANG_ENABLE_OBJC_ARC = YES;
				CLANG_WARN_BOOL_CONVERSION = YES;
				CLANG_WARN_CONSTANT_CONVERSION = YES;
				CLANG_WARN_DIRECT_OBJC_ISA_USAGE = YES_ERROR;
				CLANG_WARN_DOCUMENTATION_COMMENTS = YES;
				CLANG_WARN_EMPTY_BODY = YES;
				CLANG_WARN_ENUM_CONVERSION = YES;
				CLANG_WARN_INFINITE_RECURSION = YES;
				CLANG_WARN_INT_CONVERSION = YES;
				CLANG_WARN_OBJC_ROOT_CLASS = YES_ERROR;
				CLANG_WARN_SUSPICIOUS_MOVE = YES;
				CLANG_WARN_UNREACHABLE_CODE = YES;
				CLANG_WARN__DUPLICATE_METHOD_MATCH = YES;
				"CODE_SIGN_IDENTITY[sdk=iphoneos*]" = "iPhone Developer";
				COPY_PHASE_STRIP = NO;
				DEBUG_INFORMATION_FORMAT = dwarf;
				ENABLE_STRICT_OBJC_MSGSEND = YES;
				ENABLE_TESTABILITY = YES;
				GCC_C_LANGUAGE_STANDARD = gnu99;
				GCC_DYNAMIC_NO_PIC = NO;
				GCC_NO_COMMON_BLOCKS = YES;
				GCC_OPTIMIZATION_LEVEL = 0;
				GCC_PREPROCESSOR_DEFINITIONS = (
					"DEBUG=1",
					"$(inherited)",
				);
				GCC_WARN_64_TO_32_BIT_CONVERSION = YES;
				GCC_WARN_ABOUT_RETURN_TYPE = YES_ERROR;
				GCC_WARN_UNDECLARED_SELECTOR = YES;
				GCC_WARN_UNINITIALIZED_AUTOS = YES_AGGRESSIVE;
				GCC_WARN_UNUSED_FUNCTION = YES;
				GCC_WARN_UNUSED_VARIABLE = YES;
				IPHONEOS_DEPLOYMENT_TARGET = 10.2;
				MTL_ENABLE_DEBUG_INFO = YES;
				ONLY_ACTIVE_ARCH = YES;
				SDKROOT = iphoneos;
				SWIFT_ACTIVE_COMPILATION_CONDITIONS = DEBUG;
				SWIFT_OPTIMIZATION_LEVEL = "-Onone";
			};
			name = Debug;
		};
		DE48E54B1EA5C9DE008C5C84 /* Release */ = {
			isa = XCBuildConfiguration;
			buildSettings = {
				ALWAYS_SEARCH_USER_PATHS = NO;
				CLANG_ANALYZER_NONNULL = YES;
				CLANG_CXX_LANGUAGE_STANDARD = "gnu++0x";
				CLANG_CXX_LIBRARY = "libc++";
				CLANG_ENABLE_MODULES = YES;
				CLANG_ENABLE_OBJC_ARC = YES;
				CLANG_WARN_BOOL_CONVERSION = YES;
				CLANG_WARN_CONSTANT_CONVERSION = YES;
				CLANG_WARN_DIRECT_OBJC_ISA_USAGE = YES_ERROR;
				CLANG_WARN_DOCUMENTATION_COMMENTS = YES;
				CLANG_WARN_EMPTY_BODY = YES;
				CLANG_WARN_ENUM_CONVERSION = YES;
				CLANG_WARN_INFINITE_RECURSION = YES;
				CLANG_WARN_INT_CONVERSION = YES;
				CLANG_WARN_OBJC_ROOT_CLASS = YES_ERROR;
				CLANG_WARN_SUSPICIOUS_MOVE = YES;
				CLANG_WARN_UNREACHABLE_CODE = YES;
				CLANG_WARN__DUPLICATE_METHOD_MATCH = YES;
				"CODE_SIGN_IDENTITY[sdk=iphoneos*]" = "iPhone Developer";
				COPY_PHASE_STRIP = NO;
				DEBUG_INFORMATION_FORMAT = "dwarf-with-dsym";
				ENABLE_NS_ASSERTIONS = NO;
				ENABLE_STRICT_OBJC_MSGSEND = YES;
				GCC_C_LANGUAGE_STANDARD = gnu99;
				GCC_NO_COMMON_BLOCKS = YES;
				GCC_WARN_64_TO_32_BIT_CONVERSION = YES;
				GCC_WARN_ABOUT_RETURN_TYPE = YES_ERROR;
				GCC_WARN_UNDECLARED_SELECTOR = YES;
				GCC_WARN_UNINITIALIZED_AUTOS = YES_AGGRESSIVE;
				GCC_WARN_UNUSED_FUNCTION = YES;
				GCC_WARN_UNUSED_VARIABLE = YES;
				IPHONEOS_DEPLOYMENT_TARGET = 10.2;
				MTL_ENABLE_DEBUG_INFO = NO;
				SDKROOT = iphoneos;
				SWIFT_OPTIMIZATION_LEVEL = "-Owholemodule";
				VALIDATE_PRODUCT = YES;
			};
			name = Release;
		};
		DE48E54D1EA5C9DE008C5C84 /* Debug */ = {
			isa = XCBuildConfiguration;
			buildSettings = {
				ASSETCATALOG_COMPILER_APPICON_NAME = AppIcon;
				INFOPLIST_FILE = payment/Info.plist;
				LD_RUNPATH_SEARCH_PATHS = "$(inherited) @executable_path/Frameworks";
				PRODUCT_BUNDLE_IDENTIFIER = com.zicure.payment;
				PRODUCT_NAME = "$(TARGET_NAME)";
				SWIFT_VERSION = 3.0;
			};
			name = Debug;
		};
		DE48E54E1EA5C9DE008C5C84 /* Release */ = {
			isa = XCBuildConfiguration;
			buildSettings = {
				ASSETCATALOG_COMPILER_APPICON_NAME = AppIcon;
				INFOPLIST_FILE = payment/Info.plist;
				LD_RUNPATH_SEARCH_PATHS = "$(inherited) @executable_path/Frameworks";
				PRODUCT_BUNDLE_IDENTIFIER = com.zicure.payment;
				PRODUCT_NAME = "$(TARGET_NAME)";
				SWIFT_VERSION = 3.0;
			};
			name = Release;
		};
/* End XCBuildConfiguration section */

/* Begin XCConfigurationList section */
		DE48E5351EA5C9DE008C5C84 /* Build configuration list for PBXProject "payment" */ = {
			isa = XCConfigurationList;
			buildConfigurations = (
				DE48E54A1EA5C9DE008C5C84 /* Debug */,
				DE48E54B1EA5C9DE008C5C84 /* Release */,
			);
			defaultConfigurationIsVisible = 0;
			defaultConfigurationName = Release;
		};
		DE48E54C1EA5C9DE008C5C84 /* Build configuration list for PBXNativeTarget "payment" */ = {
			isa = XCConfigurationList;
			buildConfigurations = (
				DE48E54D1EA5C9DE008C5C84 /* Debug */,
				DE48E54E1EA5C9DE008C5C84 /* Release */,
			);
			defaultConfigurationIsVisible = 0;
		};
/* End XCConfigurationList section */
	};
	rootObject = DE48E5321EA5C9DE008C5C84 /* Project object */;
}
